// !$*UTF8*$!
{
	archiveVersion = 1;
	classes = {
	};
	objectVersion = 46;
	objects = {

/* Begin PBXBuildFile section */
		1A090D9D1FCEB1A60060DCDF /* LaunchScreen.storyboard in Resources */ = {isa = PBXBuildFile; fileRef = 1A090D9B1FCEB1A60060DCDF /* LaunchScreen.storyboard */; };
		1A090D9E1FCEB1A60060DCDF /* Main.storyboard in Resources */ = {isa = PBXBuildFile; fileRef = 1A090D9C1FCEB1A60060DCDF /* Main.storyboard */; };
		1A9F55FF1E7CF3CA0025DA00 /* AppDelegate.swift in Sources */ = {isa = PBXBuildFile; fileRef = 1A9F55FE1E7CF3CA0025DA00 /* AppDelegate.swift */; };
		1A9F56061E7CF3CA0025DA00 /* Assets.xcassets in Resources */ = {isa = PBXBuildFile; fileRef = 1A9F56051E7CF3CA0025DA00 /* Assets.xcassets */; };
		1A9F56151E7CF3FC0025DA00 /* HomeViewController.swift in Sources */ = {isa = PBXBuildFile; fileRef = 1A9F56131E7CF3FC0025DA00 /* HomeViewController.swift */; };
		1A9F56161E7CF3FC0025DA00 /* HomeViewController.xib in Resources */ = {isa = PBXBuildFile; fileRef = 1A9F56141E7CF3FC0025DA00 /* HomeViewController.xib */; };
		1A9F56191E7CF4450025DA00 /* HomeCell.swift in Sources */ = {isa = PBXBuildFile; fileRef = 1A9F56171E7CF4450025DA00 /* HomeCell.swift */; };
		1A9F561A1E7CF4450025DA00 /* HomeCell.xib in Resources */ = {isa = PBXBuildFile; fileRef = 1A9F56181E7CF4450025DA00 /* HomeCell.xib */; };
		1A9F561F1E7D38AC0025DA00 /* WorldHeritageModel.swift in Sources */ = {isa = PBXBuildFile; fileRef = 1A9F561E1E7D38AC0025DA00 /* WorldHeritageModel.swift */; };
		1A9F56221E7D38DE0025DA00 /* WorldHeritageStore.swift in Sources */ = {isa = PBXBuildFile; fileRef = 1A9F56211E7D38DE0025DA00 /* WorldHeritageStore.swift */; };
/* End PBXBuildFile section */

/* Begin PBXFileReference section */
		1A090D9B1FCEB1A60060DCDF /* LaunchScreen.storyboard */ = {isa = PBXFileReference; fileEncoding = 4; lastKnownFileType = file.storyboard; path = LaunchScreen.storyboard; sourceTree = "<group>"; };
		1A090D9C1FCEB1A60060DCDF /* Main.storyboard */ = {isa = PBXFileReference; fileEncoding = 4; lastKnownFileType = file.storyboard; path = Main.storyboard; sourceTree = "<group>"; };
		1A9F55FB1E7CF3CA0025DA00 /* ParallaxGallery.app */ = {isa = PBXFileReference; explicitFileType = wrapper.application; includeInIndex = 0; path = ParallaxGallery.app; sourceTree = BUILT_PRODUCTS_DIR; };
		1A9F55FE1E7CF3CA0025DA00 /* AppDelegate.swift */ = {isa = PBXFileReference; lastKnownFileType = sourcecode.swift; path = AppDelegate.swift; sourceTree = "<group>"; };
		1A9F56051E7CF3CA0025DA00 /* Assets.xcassets */ = {isa = PBXFileReference; lastKnownFileType = folder.assetcatalog; path = Assets.xcassets; sourceTree = "<group>"; };
		1A9F560A1E7CF3CA0025DA00 /* Info.plist */ = {isa = PBXFileReference; lastKnownFileType = text.plist.xml; path = Info.plist; sourceTree = "<group>"; };
		1A9F56131E7CF3FC0025DA00 /* HomeViewController.swift */ = {isa = PBXFileReference; fileEncoding = 4; lastKnownFileType = sourcecode.swift; path = HomeViewController.swift; sourceTree = "<group>"; };
		1A9F56141E7CF3FC0025DA00 /* HomeViewController.xib */ = {isa = PBXFileReference; fileEncoding = 4; lastKnownFileType = file.xib; path = HomeViewController.xib; sourceTree = "<group>"; };
		1A9F56171E7CF4450025DA00 /* HomeCell.swift */ = {isa = PBXFileReference; fileEncoding = 4; lastKnownFileType = sourcecode.swift; path = HomeCell.swift; sourceTree = "<group>"; };
		1A9F56181E7CF4450025DA00 /* HomeCell.xib */ = {isa = PBXFileReference; fileEncoding = 4; lastKnownFileType = file.xib; path = HomeCell.xib; sourceTree = "<group>"; };
		1A9F561E1E7D38AC0025DA00 /* WorldHeritageModel.swift */ = {isa = PBXFileReference; fileEncoding = 4; lastKnownFileType = sourcecode.swift; path = WorldHeritageModel.swift; sourceTree = "<group>"; };
		1A9F56211E7D38DE0025DA00 /* WorldHeritageStore.swift */ = {isa = PBXFileReference; fileEncoding = 4; lastKnownFileType = sourcecode.swift; path = WorldHeritageStore.swift; sourceTree = "<group>"; };
/* End PBXFileReference section */

/* Begin PBXFrameworksBuildPhase section */
		1A9F55F81E7CF3CA0025DA00 /* Frameworks */ = {
			isa = PBXFrameworksBuildPhase;
			buildActionMask = 2147483647;
			files = (
			);
			runOnlyForDeploymentPostprocessing = 0;
		};
/* End PBXFrameworksBuildPhase section */

/* Begin PBXGroup section */
		1A9F55F21E7CF3C90025DA00 = {
			isa = PBXGroup;
			children = (
				1A9F55FD1E7CF3CA0025DA00 /* ParallaxGallery */,
				1A9F55FC1E7CF3CA0025DA00 /* Products */,
			);
			sourceTree = "<group>";
		};
		1A9F55FC1E7CF3CA0025DA00 /* Products */ = {
			isa = PBXGroup;
			children = (
				1A9F55FB1E7CF3CA0025DA00 /* ParallaxGallery.app */,
			);
			name = Products;
			sourceTree = "<group>";
		};
		1A9F55FD1E7CF3CA0025DA00 /* ParallaxGallery */ = {
			isa = PBXGroup;
			children = (
				1A9F55FE1E7CF3CA0025DA00 /* AppDelegate.swift */,
				1A9F56201E7D38D10025DA00 /* Store */,
				1A9F561D1E7D38890025DA00 /* Model */,
				1A9F56121E7CF3E60025DA00 /* ViewController */,
				1A9F56111E7CF3E60025DA00 /* View */,
				1AF911111FCEAFC300A841CF /* Supports */,
			);
			path = ParallaxGallery;
			sourceTree = "<group>";
		};
		1A9F56111E7CF3E60025DA00 /* View */ = {
			isa = PBXGroup;
			children = (
				1A9F56171E7CF4450025DA00 /* HomeCell.swift */,
				1A9F56181E7CF4450025DA00 /* HomeCell.xib */,
			);
			path = View;
			sourceTree = "<group>";
		};
		1A9F56121E7CF3E60025DA00 /* ViewController */ = {
			isa = PBXGroup;
			children = (
				1A9F56131E7CF3FC0025DA00 /* HomeViewController.swift */,
				1A9F56141E7CF3FC0025DA00 /* HomeViewController.xib */,
			);
			path = ViewController;
			sourceTree = "<group>";
		};
		1A9F561D1E7D38890025DA00 /* Model */ = {
			isa = PBXGroup;
			children = (
				1A9F561E1E7D38AC0025DA00 /* WorldHeritageModel.swift */,
			);
			path = Model;
			sourceTree = "<group>";
		};
		1A9F56201E7D38D10025DA00 /* Store */ = {
			isa = PBXGroup;
			children = (
				1A9F56211E7D38DE0025DA00 /* WorldHeritageStore.swift */,
			);
			path = Store;
			sourceTree = "<group>";
		};
		1AF911111FCEAFC300A841CF /* Supports */ = {
			isa = PBXGroup;
			children = (
				1A090D9B1FCEB1A60060DCDF /* LaunchScreen.storyboard */,
				1A090D9C1FCEB1A60060DCDF /* Main.storyboard */,
				1A9F56051E7CF3CA0025DA00 /* Assets.xcassets */,
				1A9F560A1E7CF3CA0025DA00 /* Info.plist */,
			);
			path = Supports;
			sourceTree = "<group>";
		};
/* End PBXGroup section */

/* Begin PBXNativeTarget section */
		1A9F55FA1E7CF3CA0025DA00 /* ParallaxGallery */ = {
			isa = PBXNativeTarget;
			buildConfigurationList = 1A9F560D1E7CF3CA0025DA00 /* Build configuration list for PBXNativeTarget "ParallaxGallery" */;
			buildPhases = (
				1A9F55F71E7CF3CA0025DA00 /* Sources */,
				1A9F55F81E7CF3CA0025DA00 /* Frameworks */,
				1A9F55F91E7CF3CA0025DA00 /* Resources */,
			);
			buildRules = (
			);
			dependencies = (
			);
			name = ParallaxGallery;
			productName = ParallaxGallery;
			productReference = 1A9F55FB1E7CF3CA0025DA00 /* ParallaxGallery.app */;
			productType = "com.apple.product-type.application";
		};
/* End PBXNativeTarget section */

/* Begin PBXProject section */
		1A9F55F31E7CF3C90025DA00 /* Project object */ = {
			isa = PBXProject;
			attributes = {
				LastSwiftUpdateCheck = 0820;
				LastUpgradeCheck = 0820;
				ORGANIZATIONNAME = "Don Chen";
				TargetAttributes = {
					1A9F55FA1E7CF3CA0025DA00 = {
						CreatedOnToolsVersion = 8.2.1;
						DevelopmentTeam = DT8726CBX4;
						ProvisioningStyle = Automatic;
					};
				};
			};
			buildConfigurationList = 1A9F55F61E7CF3C90025DA00 /* Build configuration list for PBXProject "ParallaxGallery" */;
			compatibilityVersion = "Xcode 3.2";
			developmentRegion = English;
			hasScannedForEncodings = 0;
			knownRegions = (
				en,
				Base,
			);
			mainGroup = 1A9F55F21E7CF3C90025DA00;
			productRefGroup = 1A9F55FC1E7CF3CA0025DA00 /* Products */;
			projectDirPath = "";
			projectRoot = "";
			targets = (
				1A9F55FA1E7CF3CA0025DA00 /* ParallaxGallery */,
			);
		};
/* End PBXProject section */

/* Begin PBXResourcesBuildPhase section */
		1A9F55F91E7CF3CA0025DA00 /* Resources */ = {
			isa = PBXResourcesBuildPhase;
			buildActionMask = 2147483647;
			files = (
				1A090D9E1FCEB1A60060DCDF /* Main.storyboard in Resources */,
				1A9F56061E7CF3CA0025DA00 /* Assets.xcassets in Resources */,
				1A090D9D1FCEB1A60060DCDF /* LaunchScreen.storyboard in Resources */,
				1A9F56161E7CF3FC0025DA00 /* HomeViewController.xib in Resources */,
				1A9F561A1E7CF4450025DA00 /* HomeCell.xib in Resources */,
			);
			runOnlyForDeploymentPostprocessing = 0;
		};
/* End PBXResourcesBuildPhase section */

/* Begin PBXSourcesBuildPhase section */
		1A9F55F71E7CF3CA0025DA00 /* Sources */ = {
			isa = PBXSourcesBuildPhase;
			buildActionMask = 2147483647;
			files = (
				1A9F55FF1E7CF3CA0025DA00 /* AppDelegate.swift in Sources */,
				1A9F561F1E7D38AC0025DA00 /* WorldHeritageModel.swift in Sources */,
				1A9F56191E7CF4450025DA00 /* HomeCell.swift in Sources */,
				1A9F56151E7CF3FC0025DA00 /* HomeViewController.swift in Sources */,
				1A9F56221E7D38DE0025DA00 /* WorldHeritageStore.swift in Sources */,
			);
			runOnlyForDeploymentPostprocessing = 0;
		};
/* End PBXSourcesBuildPhase section */

/* Begin XCBuildConfiguration section */
		1A9F560B1E7CF3CA0025DA00 /* Debug */ = {
			isa = XCBuildConfiguration;
			buildSettings = {
				ALWAYS_SEARCH_USER_PATHS = NO;
				CLANG_ANALYZER_NONNULL = YES;
				CLANG_CXX_LANGUAGE_STANDARD = "gnu++0x";
				CLANG_CXX_LIBRARY = "libc++";
				CLANG_ENABLE_MODULES = YES;
				CLANG_ENABLE_OBJC_ARC = YES;
				CLANG_WARN_BOOL_CONVERSION = YES;
				CLANG_WARN_CONSTANT_CONVERSION = YES;
				CLANG_WARN_DIRECT_OBJC_ISA_USAGE = YES_ERROR;
				CLANG_WARN_DOCUMENTATION_COMMENTS = YES;
				CLANG_WARN_EMPTY_BODY = YES;
				CLANG_WARN_ENUM_CONVERSION = YES;
				CLANG_WARN_INFINITE_RECURSION = YES;
				CLANG_WARN_INT_CONVERSION = YES;
				CLANG_WARN_OBJC_ROOT_CLASS = YES_ERROR;
				CLANG_WARN_SUSPICIOUS_MOVE = YES;
				CLANG_WARN_UNREACHABLE_CODE = YES;
				CLANG_WARN__DUPLICATE_METHOD_MATCH = YES;
				"CODE_SIGN_IDENTITY[sdk=iphoneos*]" = "iPhone Developer";
				COPY_PHASE_STRIP = NO;
				DEBUG_INFORMATION_FORMAT = dwarf;
				ENABLE_STRICT_OBJC_MSGSEND = YES;
				ENABLE_TESTABILITY = YES;
				GCC_C_LANGUAGE_STANDARD = gnu99;
				GCC_DYNAMIC_NO_PIC = NO;
				GCC_NO_COMMON_BLOCKS = YES;
				GCC_OPTIMIZATION_LEVEL = 0;
				GCC_PREPROCESSOR_DEFINITIONS = (
					"DEBUG=1",
					"$(inherited)",
				);
				GCC_WARN_64_TO_32_BIT_CONVERSION = YES;
				GCC_WARN_ABOUT_RETURN_TYPE = YES_ERROR;
				GCC_WARN_UNDECLARED_SELECTOR = YES;
				GCC_WARN_UNINITIALIZED_AUTOS = YES_AGGRESSIVE;
				GCC_WARN_UNUSED_FUNCTION = YES;
				GCC_WARN_UNUSED_VARIABLE = YES;
				IPHONEOS_DEPLOYMENT_TARGET = 10.2;
				MTL_ENABLE_DEBUG_INFO = YES;
				ONLY_ACTIVE_ARCH = YES;
				SDKROOT = iphoneos;
				SWIFT_ACTIVE_COMPILATION_CONDITIONS = DEBUG;
				SWIFT_OPTIMIZATION_LEVEL = "-Onone";
			};
			name = Debug;
		};
		1A9F560C1E7CF3CA0025DA00 /* Release */ = {
			isa = XCBuildConfiguration;
			buildSettings = {
				ALWAYS_SEARCH_USER_PATHS = NO;
				CLANG_ANALYZER_NONNULL = YES;
				CLANG_CXX_LANGUAGE_STANDARD = "gnu++0x";
				CLANG_CXX_LIBRARY = "libc++";
				CLANG_ENABLE_MODULES = YES;
				CLANG_ENABLE_OBJC_ARC = YES;
				CLANG_WARN_BOOL_CONVERSION = YES;
				CLANG_WARN_CONSTANT_CONVERSION = YES;
				CLANG_WARN_DIRECT_OBJC_ISA_USAGE = YES_ERROR;
				CLANG_WARN_DOCUMENTATION_COMMENTS = YES;
				CLANG_WARN_EMPTY_BODY = YES;
				CLANG_WARN_ENUM_CONVERSION = YES;
				CLANG_WARN_INFINITE_RECURSION = YES;
				CLANG_WARN_INT_CONVERSION = YES;
				CLANG_WARN_OBJC_ROOT_CLASS = YES_ERROR;
				CLANG_WARN_SUSPICIOUS_MOVE = YES;
				CLANG_WARN_UNREACHABLE_CODE = YES;
				CLANG_WARN__DUPLICATE_METHOD_MATCH = YES;
				"CODE_SIGN_IDENTITY[sdk=iphoneos*]" = "iPhone Developer";
				COPY_PHASE_STRIP = NO;
				DEBUG_INFORMATION_FORMAT = "dwarf-with-dsym";
				ENABLE_NS_ASSERTIONS = NO;
				ENABLE_STRICT_OBJC_MSGSEND = YES;
				GCC_C_LANGUAGE_STANDARD = gnu99;
				GCC_NO_COMMON_BLOCKS = YES;
				GCC_WARN_64_TO_32_BIT_CONVERSION = YES;
				GCC_WARN_ABOUT_RETURN_TYPE = YES_ERROR;
				GCC_WARN_UNDECLARED_SELECTOR = YES;
				GCC_WARN_UNINITIALIZED_AUTOS = YES_AGGRESSIVE;
				GCC_WARN_UNUSED_FUNCTION = YES;
				GCC_WARN_UNUSED_VARIABLE = YES;
				IPHONEOS_DEPLOYMENT_TARGET = 10.2;
				MTL_ENABLE_DEBUG_INFO = NO;
				SDKROOT = iphoneos;
				SWIFT_OPTIMIZATION_LEVEL = "-Owholemodule";
				VALIDATE_PRODUCT = YES;
			};
			name = Release;
		};
		1A9F560E1E7CF3CA0025DA00 /* Debug */ = {
			isa = XCBuildConfiguration;
			buildSettings = {
				ASSETCATALOG_COMPILER_APPICON_NAME = AppIcon;
				DEVELOPMENT_TEAM = DT8726CBX4;
				INFOPLIST_FILE = ParallaxGallery/Supports/Info.plist;
				LD_RUNPATH_SEARCH_PATHS = "$(inherited) @executable_path/Frameworks";
				PRODUCT_BUNDLE_IDENTIFIER = ios.devdon.com.ParallaxGallery;
				PRODUCT_NAME = "$(TARGET_NAME)";
				SWIFT_VERSION = 3.0;
			};
			name = Debug;
		};
		1A9F560F1E7CF3CA0025DA00 /* Release */ = {
			isa = XCBuildConfiguration;
			buildSettings = {
				ASSETCATALOG_COMPILER_APPICON_NAME = AppIcon;
				DEVELOPMENT_TEAM = DT8726CBX4;
				INFOPLIST_FILE = ParallaxGallery/Supports/Info.plist;
				LD_RUNPATH_SEARCH_PATHS = "$(inherited) @executable_path/Frameworks";
				PRODUCT_BUNDLE_IDENTIFIER = ios.devdon.com.ParallaxGallery;
				PRODUCT_NAME = "$(TARGET_NAME)";
				SWIFT_VERSION = 3.0;
			};
			name = Release;
		};
/* End XCBuildConfiguration section */

/* Begin XCConfigurationList section */
		1A9F55F61E7CF3C90025DA00 /* Build configuration list for PBXProject "ParallaxGallery" */ = {
			isa = XCConfigurationList;
			buildConfigurations = (
				1A9F560B1E7CF3CA0025DA00 /* Debug */,
				1A9F560C1E7CF3CA0025DA00 /* Release */,
			);
			defaultConfigurationIsVisible = 0;
			defaultConfigurationName = Release;
		};
		1A9F560D1E7CF3CA0025DA00 /* Build configuration list for PBXNativeTarget "ParallaxGallery" */ = {
			isa = XCConfigurationList;
			buildConfigurations = (
				1A9F560E1E7CF3CA0025DA00 /* Debug */,
				1A9F560F1E7CF3CA0025DA00 /* Release */,
			);
			defaultConfigurationIsVisible = 0;
			defaultConfigurationName = Release;
		};
/* End XCConfigurationList section */
	};
	rootObject = 1A9F55F31E7CF3C90025DA00 /* Project object */;
}
